
Microsoft Visual Studio Solution File, Format Version 12.00
# Visual Studio Version 17
VisualStudioVersion = 17.8.34525.116
MinimumVisualStudioVersion = 10.0.40219.1
Project("{FAE04EC0-301F-11D3-BF4B-00C04F79EFBC}") = "Homework17", "Homework17\Homework17.csproj", "{256D683A-4CD1-4D3F-844E-64A4A90A5EF5}"
EndProject
Global
	GlobalSection(SolutionConfigurationPlatforms) = preSolution
		Debug|Any CPU = Debug|Any CPU
		Release|Any CPU = Release|Any CPU
	EndGlobalSection
	GlobalSection(ProjectConfigurationPlatforms) = postSolution
		{256D683A-4CD1-4D3F-844E-64A4A90A5EF5}.Debug|Any CPU.ActiveCfg = Debug|Any CPU
		{256D683A-4CD1-4D3F-844E-64A4A90A5EF5}.Debug|Any CPU.Build.0 = Debug|Any CPU
		{256D683A-4CD1-4D3F-844E-64A4A90A5EF5}.Release|Any CPU.ActiveCfg = Release|Any CPU
		{256D683A-4CD1-4D3F-844E-64A4A90A5EF5}.Release|Any CPU.Build.0 = Release|Any CPU
	EndGlobalSection
	GlobalSection(SolutionProperties) = preSolution
		HideSolutionNode = FALSE
	EndGlobalSection
	GlobalSection(ExtensibilityGlobals) = postSolution
		SolutionGuid = {79F58387-4733-4DB1-A0C0-9DAAFBE4A463}
	EndGlobalSection
EndGlobal
