
Microsoft Visual Studio Solution File, Format Version 12.00
# Visual Studio Version 17
VisualStudioVersion = 17.8.34330.188
MinimumVisualStudioVersion = 10.0.40219.1
Project("{FAE04EC0-301F-11D3-BF4B-00C04F79EFBC}") = "Homework 10", "Homework 10\Homework 10.csproj", "{C1AE1E50-E3AC-490F-B21B-4F915BB8248C}"
EndProject
Global
	GlobalSection(SolutionConfigurationPlatforms) = preSolution
		Debug|Any CPU = Debug|Any CPU
		Release|Any CPU = Release|Any CPU
	EndGlobalSection
	GlobalSection(ProjectConfigurationPlatforms) = postSolution
		{C1AE1E50-E3AC-490F-B21B-4F915BB8248C}.Debug|Any CPU.ActiveCfg = Debug|Any CPU
		{C1AE1E50-E3AC-490F-B21B-4F915BB8248C}.Debug|Any CPU.Build.0 = Debug|Any CPU
		{C1AE1E50-E3AC-490F-B21B-4F915BB8248C}.Release|Any CPU.ActiveCfg = Release|Any CPU
		{C1AE1E50-E3AC-490F-B21B-4F915BB8248C}.Release|Any CPU.Build.0 = Release|Any CPU
	EndGlobalSection
	GlobalSection(SolutionProperties) = preSolution
		HideSolutionNode = FALSE
	EndGlobalSection
	GlobalSection(ExtensibilityGlobals) = postSolution
		SolutionGuid = {3228E7DB-15EB-4400-9983-51132D751643}
	EndGlobalSection
EndGlobal
